
Microsoft Visual Studio Solution File, Format Version 12.00
# Visual Studio Version 17
VisualStudioVersion = 17.14.36202.13
MinimumVisualStudioVersion = 10.0.40219.1
Project("{FAE04EC0-301F-11D3-BF4B-00C04F79EFBC}") = "OvfParameterModifier", "OvfParameterModifier\OvfParameterModifier.csproj", "{F39B041E-02CD-4737-8D76-64D9425E73ED}"
EndProject
Project("{FAE04EC0-301F-11D3-BF4B-00C04F79EFBC}") = "OvfParameterModifierTests", "OvfParameterModifierTests\OvfParameterModifierTests.csproj", "{CACCC3C2-9CCC-42F8-9A8E-28C965146A33}"
	ProjectSection(ProjectDependencies) = postProject
		{F39B041E-02CD-4737-8D76-64D9425E73ED} = {F39B041E-02CD-4737-8D76-64D9425E73ED}
	EndProjectSection
EndProject
Project("{FAE04EC0-301F-11D3-BF4B-00C04F79EFBC}") = "OvfViewer", "OvfViewer\OvfViewer.csproj", "{A0E91472-420D-4129-9509-C841716D8C5B}"
	ProjectSection(ProjectDependencies) = postProject
		{F39B041E-02CD-4737-8D76-64D9425E73ED} = {F39B041E-02CD-4737-8D76-64D9425E73ED}
	EndProjectSection
EndProject
Project("{FAE04EC0-301F-11D3-BF4B-00C04F79EFBC}") = "OvfParameterModifier.Console", "OvfParameterModifier.Console\OvfParameterModifier.Console.csproj", "{B93B1C83-6134-456D-986A-091EC8BBBC6F}"
	ProjectSection(ProjectDependencies) = postProject
		{F39B041E-02CD-4737-8D76-64D9425E73ED} = {F39B041E-02CD-4737-8D76-64D9425E73ED}
	EndProjectSection
EndProject
Project("{FAE04EC0-301F-11D3-BF4B-00C04F79EFBC}") = "OvfAnnotator", "OvfAnnotator\OvfAnnotator.csproj", "{F0B9E031-1D9C-448D-A19A-8FCC617BC3B7}"
	ProjectSection(ProjectDependencies) = postProject
		{F39B041E-02CD-4737-8D76-64D9425E73ED} = {F39B041E-02CD-4737-8D76-64D9425E73ED}
	EndProjectSection
EndProject
Project("{FAE04EC0-301F-11D3-BF4B-00C04F79EFBC}") = "OvfAnnotatorTests", "OvfAnnotatorTests\OvfAnnotatorTests.csproj", "{0A05B87F-9A7A-4CE1-BFC6-B24B5F9421E4}"
	ProjectSection(ProjectDependencies) = postProject
		{F0B9E031-1D9C-448D-A19A-8FCC617BC3B7} = {F0B9E031-1D9C-448D-A19A-8FCC617BC3B7}
	EndProjectSection
EndProject
Global
	GlobalSection(SolutionConfigurationPlatforms) = preSolution
		Debug|Any CPU = Debug|Any CPU
		Release|Any CPU = Release|Any CPU
	EndGlobalSection
	GlobalSection(ProjectConfigurationPlatforms) = postSolution
		{F39B041E-02CD-4737-8D76-64D9425E73ED}.Debug|Any CPU.ActiveCfg = Debug|Any CPU
		{F39B041E-02CD-4737-8D76-64D9425E73ED}.Debug|Any CPU.Build.0 = Debug|Any CPU
		{F39B041E-02CD-4737-8D76-64D9425E73ED}.Release|Any CPU.ActiveCfg = Release|Any CPU
		{F39B041E-02CD-4737-8D76-64D9425E73ED}.Release|Any CPU.Build.0 = Release|Any CPU
		{CACCC3C2-9CCC-42F8-9A8E-28C965146A33}.Debug|Any CPU.ActiveCfg = Debug|Any CPU
		{CACCC3C2-9CCC-42F8-9A8E-28C965146A33}.Debug|Any CPU.Build.0 = Debug|Any CPU
		{CACCC3C2-9CCC-42F8-9A8E-28C965146A33}.Release|Any CPU.ActiveCfg = Release|Any CPU
		{CACCC3C2-9CCC-42F8-9A8E-28C965146A33}.Release|Any CPU.Build.0 = Release|Any CPU
		{A0E91472-420D-4129-9509-C841716D8C5B}.Debug|Any CPU.ActiveCfg = Debug|Any CPU
		{A0E91472-420D-4129-9509-C841716D8C5B}.Debug|Any CPU.Build.0 = Debug|Any CPU
		{A0E91472-420D-4129-9509-C841716D8C5B}.Release|Any CPU.ActiveCfg = Release|Any CPU
		{A0E91472-420D-4129-9509-C841716D8C5B}.Release|Any CPU.Build.0 = Release|Any CPU
		{B93B1C83-6134-456D-986A-091EC8BBBC6F}.Debug|Any CPU.ActiveCfg = Debug|Any CPU
		{B93B1C83-6134-456D-986A-091EC8BBBC6F}.Debug|Any CPU.Build.0 = Debug|Any CPU
		{B93B1C83-6134-456D-986A-091EC8BBBC6F}.Release|Any CPU.ActiveCfg = Release|Any CPU
		{B93B1C83-6134-456D-986A-091EC8BBBC6F}.Release|Any CPU.Build.0 = Release|Any CPU
		{F0B9E031-1D9C-448D-A19A-8FCC617BC3B7}.Debug|Any CPU.ActiveCfg = Debug|Any CPU
		{F0B9E031-1D9C-448D-A19A-8FCC617BC3B7}.Debug|Any CPU.Build.0 = Debug|Any CPU
		{F0B9E031-1D9C-448D-A19A-8FCC617BC3B7}.Release|Any CPU.ActiveCfg = Release|Any CPU
		{F0B9E031-1D9C-448D-A19A-8FCC617BC3B7}.Release|Any CPU.Build.0 = Release|Any CPU
		{0A05B87F-9A7A-4CE1-BFC6-B24B5F9421E4}.Debug|Any CPU.ActiveCfg = Debug|Any CPU
		{0A05B87F-9A7A-4CE1-BFC6-B24B5F9421E4}.Debug|Any CPU.Build.0 = Debug|Any CPU
		{0A05B87F-9A7A-4CE1-BFC6-B24B5F9421E4}.Release|Any CPU.ActiveCfg = Release|Any CPU
		{0A05B87F-9A7A-4CE1-BFC6-B24B5F9421E4}.Release|Any CPU.Build.0 = Release|Any CPU
	EndGlobalSection
	GlobalSection(SolutionProperties) = preSolution
		HideSolutionNode = FALSE
	EndGlobalSection
	GlobalSection(ExtensibilityGlobals) = postSolution
		SolutionGuid = {DE4B3D55-B4AC-4550-B907-8025E6DF46A6}
	EndGlobalSection
EndGlobal
